<?xml version="1.0" encoding="utf-8"?>
<Project ToolsVersion="4.0" xmlns="http://schemas.microsoft.com/developer/msbuild/2003">
  <ItemGroup>
    <Filter Include="Source Files">
      <UniqueIdentifier>{4FC737F1-C7A5-4376-A066-2A32D752A2FF}</UniqueIdentifier>
      <Extensions>cpp;c;cc;cxx;def;odl;idl;hpj;bat;asm;asmx</Extensions>
    </Filter>
    <Filter Include="Header Files">
      <UniqueIdentifier>{93995380-89BD-4b04-88EB-625FBE52EBFB}</UniqueIdentifier>
      <Extensions>h;hh;hpp;hxx;hm;inl;inc;xsd</Extensions>
    </Filter>
    <Filter Include="Resource Files">
      <UniqueIdentifier>{67DA6AB6-F800-4c08-8B7A-83BB121AAD01}</UniqueIdentifier>
      <Extensions>rc;ico;cur;bmp;dlg;rc2;rct;bin;rgs;gif;jpg;jpeg;jpe;resx;tiff;tif;png;wav;mfcribbon-ms</Extensions>
    </Filter>
    <Filter Include="Header Files\Utils">
      <UniqueIdentifier>{e2c622f4-acc1-4711-8b01-fa50da5bef31}</UniqueIdentifier>
    </Filter>
    <Filter Include="Source Files\Utils">
      <UniqueIdentifier>{d0deca75-ae7e-46da-8adf-68a7d9f7e36d}</UniqueIdentifier>
    </Filter>
    <Filter Include="Shaders">
      <UniqueIdentifier>{4ebcd778-54f1-4450-8867-c694e0e7b89d}</UniqueIdentifier>
    </Filter>
    <Filter Include="Shaders\Vertex">
      <UniqueIdentifier>{c820b2a0-f6db-457a-a978-c89b8e6e54da}</UniqueIdentifier>
    </Filter>
    <Filter Include="Shaders\Fragment">
      <UniqueIdentifier>{f05fa6b4-71d4-42a1-b3d7-d7951feddd11}</UniqueIdentifier>
    </Filter>
    <Filter Include="Header Files\Graphics">
      <UniqueIdentifier>{eb89b0d9-1aa3-4740-88a6-94cb6c482370}</UniqueIdentifier>
    </Filter>
    <Filter Include="Header Files\Physics">
      <UniqueIdentifier>{ebf6ecbc-f160-4cef-a336-b103190b8b6c}</UniqueIdentifier>
    </Filter>
    <Filter Include="Header Files\Physics\QuadTree">
      <UniqueIdentifier>{dee3f45b-a26a-4950-8d38-f7eabd0e4d60}</UniqueIdentifier>
    </Filter>
    <Filter Include="Header Files\DataStructures">
      <UniqueIdentifier>{bf4c2de3-1aa1-464f-ba7c-7dba094eab86}</UniqueIdentifier>
    </Filter>
    <Filter Include="Source Files\Physics">
      <UniqueIdentifier>{36544852-fd82-48fa-a65f-f1e8bf59ee24}</UniqueIdentifier>
    </Filter>
    <Filter Include="Source Files\Graphics">
      <UniqueIdentifier>{435abe09-d892-498c-838b-f319cdfcd527}</UniqueIdentifier>
    </Filter>
    <Filter Include="Source Files\Physics\QaudTree">
      <UniqueIdentifier>{0ada7e3e-237f-4483-ada9-00b8428948ee}</UniqueIdentifier>
    </Filter>
    <Filter Include="Source Files\DataStructures">
      <UniqueIdentifier>{fb57c695-06aa-4fbe-82bd-34ee6bf12628}</UniqueIdentifier>
    </Filter>
    <Filter Include="Header Files\Graphics\RenderEntity">
      <UniqueIdentifier>{bf2ac1bd-e4b2-4a6a-bc84-036b5aefaae1}</UniqueIdentifier>
    </Filter>
    <Filter Include="Source Files\Graphics\RenderEntity">
      <UniqueIdentifier>{5d2e3e08-f516-4799-86d9-6d43b40b9330}</UniqueIdentifier>
    </Filter>
    <Filter Include="Header Files\Graphics\Data">
      <UniqueIdentifier>{803b4b30-a7ee-4789-9616-3507db4ea756}</UniqueIdentifier>
    </Filter>
    <Filter Include="Header Files\Graphics\RenderEntity\Data">
      <UniqueIdentifier>{8b352e24-5860-45ac-979b-6c8b983af107}</UniqueIdentifier>
    </Filter>
    <Filter Include="Header Files\MessageSystem">
      <UniqueIdentifier>{58455cc1-3db5-44e9-be02-8d914612cb23}</UniqueIdentifier>
    </Filter>
    <Filter Include="Source Files\MessageSystem">
      <UniqueIdentifier>{5d6167c7-9c71-4cda-af77-19db9e107caa}</UniqueIdentifier>
    </Filter>
    <Filter Include="Header Files\STB">
      <UniqueIdentifier>{456c7710-4fbb-4ae8-913e-e17a2f4b5022}</UniqueIdentifier>
    </Filter>
    <Filter Include="Textures">
      <UniqueIdentifier>{282f6756-c542-4e0d-94e1-b3cbe5ebc156}</UniqueIdentifier>
    </Filter>
    <Filter Include="Header Files\Graphics\TextureGen">
      <UniqueIdentifier>{978c53df-18e2-4e22-b85f-930bd2432c1f}</UniqueIdentifier>
    </Filter>
    <Filter Include="Source Files\TextureGen">
      <UniqueIdentifier>{fc8e200f-8577-43e1-b8f2-5afaf1876fd4}</UniqueIdentifier>
    </Filter>
    <Filter Include="Header Files\Entities">
      <UniqueIdentifier>{0fb1408b-402e-4029-968f-518f8cee100d}</UniqueIdentifier>
    </Filter>
    <Filter Include="Source Files\SessionManagers">
      <UniqueIdentifier>{51cdc30e-0b39-4927-b329-a1739b45801d}</UniqueIdentifier>
    </Filter>
    <Filter Include="Header Files\SessionManagers">
      <UniqueIdentifier>{01d8e6a4-9c44-4f4a-b8b4-95ac75eab7b9}</UniqueIdentifier>
    </Filter>
  </ItemGroup>
  <ItemGroup>
    <ClCompile Include="Main.cpp">
      <Filter>Source Files</Filter>
    </ClCompile>
    <ClCompile Include="Timer.cpp">
      <Filter>Source Files\Utils</Filter>
    </ClCompile>
    <ClCompile Include="NumberGenerator.cpp">
      <Filter>Source Files\Utils</Filter>
    </ClCompile>
    <ClCompile Include="WorkerThreadPool.cpp">
      <Filter>Source Files</Filter>
    </ClCompile>
    <ClCompile Include="QuadTreeHandler.cpp">
      <Filter>Source Files\Physics\QaudTree</Filter>
    </ClCompile>
    <ClCompile Include="QuadTree.cpp">
      <Filter>Source Files\Physics\QaudTree</Filter>
    </ClCompile>
    <ClCompile Include="Camera.cpp">
      <Filter>Source Files\Graphics</Filter>
    </ClCompile>
    <ClCompile Include="CollisionChecker.cpp">
      <Filter>Source Files\Physics</Filter>
    </ClCompile>
    <ClCompile Include="RenderEngineVulkan.cpp">
      <Filter>Source Files\Graphics</Filter>
    </ClCompile>
    <ClCompile Include="PhysicsEngine.cpp">
      <Filter>Source Files\Physics</Filter>
    </ClCompile>
    <ClCompile Include="Rect.cpp">
      <Filter>Source Files\DataStructures</Filter>
    </ClCompile>
    <ClCompile Include="RenderEntity.cpp">
      <Filter>Source Files\Graphics\RenderEntity</Filter>
    </ClCompile>
    <ClCompile Include="RenderEntityFactory.cpp">
      <Filter>Source Files\Graphics\RenderEntity</Filter>
    </ClCompile>
    <ClCompile Include="RenderEngineVulkanBackend.cpp">
      <Filter>Source Files\Graphics</Filter>
    </ClCompile>
    <ClCompile Include="Window.cpp">
      <Filter>Source Files\Graphics</Filter>
    </ClCompile>
    <ClCompile Include="VulkanAllocator.cpp">
      <Filter>Source Files\Graphics</Filter>
    </ClCompile>
    <ClCompile Include="ConstStrings.cpp">
      <Filter>Source Files\Utils</Filter>
    </ClCompile>
    <ClCompile Include="ImageFactory.cpp">
      <Filter>Source Files\Graphics</Filter>
    </ClCompile>
    <ClCompile Include="SingleTimeCommand.cpp">
      <Filter>Source Files\Graphics</Filter>
    </ClCompile>
    <ClCompile Include="TextureGenerator.cpp">
      <Filter>Source Files\TextureGen</Filter>
    </ClCompile>
    <ClCompile Include="PsTexture.cpp">
      <Filter>Source Files\TextureGen</Filter>
    </ClCompile>
    <ClCompile Include="EventEngine.cpp">
      <Filter>Source Files</Filter>
    </ClCompile>
    <ClCompile Include="CoreEngine.cpp">
      <Filter>Source Files</Filter>
    </ClCompile>
    <ClCompile Include="MessageSystem.cpp">
      <Filter>Source Files\MessageSystem</Filter>
    </ClCompile>
    <ClCompile Include="EntityEngine.cpp">
      <Filter>Source Files</Filter>
    </ClCompile>
    <ClCompile Include="SessionManager.cpp">
      <Filter>Source Files\SessionManagers</Filter>
    </ClCompile>
    <ClCompile Include="SandBoxSession.cpp">
      <Filter>Source Files\SessionManagers</Filter>
    </ClCompile>
    <ClCompile Include="IdGenerator.cpp">
      <Filter>Source Files\Utils</Filter>
    </ClCompile>
    <ClCompile Include="GraphicsBenchmarkSession.cpp">
      <Filter>Source Files\SessionManagers</Filter>
    </ClCompile>
    <ClCompile Include="PhysicsBenchmarkSession.cpp">
      <Filter>Source Files</Filter>
    </ClCompile>
  </ItemGroup>
  <ItemGroup>
    <ClInclude Include="Timer.h">
      <Filter>Header Files\Utils</Filter>
    </ClInclude>
    <ClInclude Include="Utils.h">
      <Filter>Header Files\Utils</Filter>
    </ClInclude>
    <ClInclude Include="NumberGenerator.h">
      <Filter>Header Files\Utils</Filter>
    </ClInclude>
    <ClInclude Include="WorkerThreadPool.h">
      <Filter>Header Files</Filter>
    </ClInclude>
    <ClInclude Include="Range.h">
      <Filter>Header Files\Utils</Filter>
    </ClInclude>
    <ClInclude Include="Stats.h">
      <Filter>Header Files</Filter>
    </ClInclude>
    <ClInclude Include="QuadTree.h">
      <Filter>Header Files\Physics\QuadTree</Filter>
    </ClInclude>
    <ClInclude Include="QuadTreeHandler.h">
      <Filter>Header Files\Physics\QuadTree</Filter>
    </ClInclude>
    <ClInclude Include="PhysicsEngine.h">
      <Filter>Header Files\Physics</Filter>
    </ClInclude>
    <ClInclude Include="RenderEngineVulkan.h">
      <Filter>Header Files\Graphics</Filter>
    </ClInclude>
    <ClInclude Include="CollisionChecker.h">
      <Filter>Header Files\Physics</Filter>
    </ClInclude>
    <ClInclude Include="Rect.h">
      <Filter>Header Files\DataStructures</Filter>
    </ClInclude>
    <ClInclude Include="Queue.h">
      <Filter>Header Files\DataStructures</Filter>
    </ClInclude>
    <ClInclude Include="MultiIntVector.h">
      <Filter>Header Files\DataStructures</Filter>
    </ClInclude>
    <ClInclude Include="ConcurrentVector.h">
      <Filter>Header Files\DataStructures</Filter>
    </ClInclude>
    <ClInclude Include="Camera.h">
      <Filter>Header Files\Graphics</Filter>
    </ClInclude>
    <ClInclude Include="LinearQuad.h">
      <Filter>Header Files\Physics\QuadTree</Filter>
    </ClInclude>
    <ClInclude Include="RenderEntity.h">
      <Filter>Header Files\Graphics\RenderEntity</Filter>
    </ClInclude>
    <ClInclude Include="RenderEntityFactory.h">
      <Filter>Header Files\Graphics\RenderEntity</Filter>
    </ClInclude>
    <ClInclude Include="Vertex.h">
      <Filter>Header Files\Graphics\Data</Filter>
    </ClInclude>
    <ClInclude Include="InstanceBufferObject.h">
      <Filter>Header Files\Graphics\Data</Filter>
    </ClInclude>
    <ClInclude Include="UniformBufferObject.h">
      <Filter>Header Files\Graphics\Data</Filter>
    </ClInclude>
    <ClInclude Include="RenderDataCore.h">
      <Filter>Header Files\Graphics\RenderEntity\Data</Filter>
    </ClInclude>
    <ClInclude Include="RenderDataInstanced.h">
      <Filter>Header Files\Graphics\RenderEntity\Data</Filter>
    </ClInclude>
    <ClInclude Include="RenderEngineVulkanBackend.h">
      <Filter>Header Files\Graphics</Filter>
    </ClInclude>
    <ClInclude Include="Window.h">
      <Filter>Header Files\Graphics</Filter>
    </ClInclude>
    <ClInclude Include="RenderMode.h">
      <Filter>Header Files\Graphics\RenderEntity\Data</Filter>
    </ClInclude>
    <ClInclude Include="RenderEntityCreateInfo.h">
      <Filter>Header Files\Graphics\RenderEntity\Data</Filter>
    </ClInclude>
    <ClInclude Include="VulkanAllocator.h">
      <Filter>Header Files\Graphics</Filter>
    </ClInclude>
    <ClInclude Include="SystemComponent.h">
      <Filter>Header Files\MessageSystem</Filter>
    </ClInclude>
    <ClInclude Include="Message.h">
      <Filter>Header Files\MessageSystem</Filter>
    </ClInclude>
    <ClInclude Include="ConstStrings.h">
      <Filter>Header Files\Utils</Filter>
    </ClInclude>
    <ClInclude Include="EnumUtils.h">
      <Filter>Header Files\Utils</Filter>
    </ClInclude>
    <ClInclude Include="MessageType.h">
      <Filter>Header Files\MessageSystem</Filter>
    </ClInclude>
    <ClInclude Include="RenderEntityMeta.h">
      <Filter>Header Files\Graphics\RenderEntity\Data</Filter>
    </ClInclude>
    <ClInclude Include="stb_image.h">
      <Filter>Header Files\STB</Filter>
    </ClInclude>
    <ClInclude Include="ImageFactory.h">
      <Filter>Header Files\Graphics</Filter>
    </ClInclude>
    <ClInclude Include="SingleTimeCommand.h">
      <Filter>Header Files\Graphics</Filter>
    </ClInclude>
    <ClInclude Include="PsTuple.h">
      <Filter>Header Files\DataStructures</Filter>
    </ClInclude>
    <ClInclude Include="VulkanContext.h">
      <Filter>Header Files\Graphics\RenderEntity\Data</Filter>
    </ClInclude>
    <ClInclude Include="RenderDataUniform.h">
      <Filter>Header Files\Graphics\RenderEntity\Data</Filter>
    </ClInclude>
    <ClInclude Include="SimplexNoise.h">
      <Filter>Header Files\Graphics\TextureGen</Filter>
    </ClInclude>
    <ClInclude Include="stb_image_write.h">
      <Filter>Header Files\STB</Filter>
    </ClInclude>
    <ClInclude Include="TextureGenerator.h">
      <Filter>Header Files\Graphics\TextureGen</Filter>
    </ClInclude>
    <ClInclude Include="PsTexture.h">
      <Filter>Header Files\Graphics\TextureGen</Filter>
    </ClInclude>
    <ClInclude Include="Color.h">
      <Filter>Header Files\Graphics\TextureGen</Filter>
    </ClInclude>
    <ClInclude Include="EventEngine.h">
      <Filter>Header Files</Filter>
    </ClInclude>
    <ClInclude Include="CoreEngine.h">
      <Filter>Header Files</Filter>
    </ClInclude>
    <ClInclude Include="MessageSystem.h">
      <Filter>Header Files\MessageSystem</Filter>
    </ClInclude>
    <ClInclude Include="ConfigurationData.h">
      <Filter>Header Files</Filter>
    </ClInclude>
    <ClInclude Include="EntityEngine.h">
      <Filter>Header Files</Filter>
    </ClInclude>
    <ClInclude Include="ParticlesEntity.h">
      <Filter>Header Files\Entities</Filter>
    </ClInclude>
    <ClInclude Include="WorldEntity.h">
      <Filter>Header Files\Entities</Filter>
    </ClInclude>
    <ClInclude Include="BaseEntity.h">
      <Filter>Header Files\Entities</Filter>
    </ClInclude>
    <ClInclude Include="TransformEntity.h">
      <Filter>Header Files\Entities</Filter>
    </ClInclude>
    <ClInclude Include="GameEntity.h">
      <Filter>Header Files\Entities</Filter>
    </ClInclude>
    <ClInclude Include="PhysicsParticlesEntity.h">
      <Filter>Header Files\Physics</Filter>
    </ClInclude>
    <ClInclude Include="EntityType.h">
      <Filter>Header Files\Entities</Filter>
    </ClInclude>
    <ClInclude Include="Configuration.h">
      <Filter>Header Files</Filter>
    </ClInclude>
    <ClInclude Include="SessionManager.h">
      <Filter>Header Files\SessionManagers</Filter>
    </ClInclude>
    <ClInclude Include="SandBoxSession.h">
      <Filter>Header Files\SessionManagers</Filter>
    </ClInclude>
    <ClInclude Include="IdGenerator.h">
      <Filter>Header Files\Utils</Filter>
    </ClInclude>
    <ClInclude Include="DebugQuadTreeEntity.h">
      <Filter>Header Files\Entities</Filter>
    </ClInclude>
    <ClInclude Include="GraphicsBenchmarkSession.h">
      <Filter>Header Files\SessionManagers</Filter>
    </ClInclude>
    <ClInclude Include="PhysicsBenchmarkSession.h">
      <Filter>Header Files</Filter>
    </ClInclude>
  </ItemGroup>
  <ItemGroup>
    <None Include="background.vert">
      <Filter>Shaders\Vertex</Filter>
    </None>
    <None Include="background.frag">
      <Filter>Shaders\Fragment</Filter>
    </None>
    <None Include="particle.frag">
      <Filter>Shaders\Fragment</Filter>
    </None>
    <None Include="particle.vert">
      <Filter>Shaders\Vertex</Filter>
    </None>
    <None Include="quad.vert">
      <Filter>Shaders\Vertex</Filter>
    </None>
    <None Include="quad.frag">
      <Filter>Shaders\Fragment</Filter>
    </None>
  </ItemGroup>
  <ItemGroup>
    <Image Include="Textures\Circle.png">
      <Filter>Textures</Filter>
    </Image>
  </ItemGroup>
</Project>